// !$*UTF8*$!
{
	archiveVersion = 1;
	classes = {
	};
	objectVersion = 50;
	objects = {

/* Begin PBXBuildFile section */
		641602DF24F88CED007D0F1A /* AppDelegate.swift in Sources */ = {isa = PBXBuildFile; fileRef = 641602DE24F88CED007D0F1A /* AppDelegate.swift */; };
		641602E124F88CED007D0F1A /* SceneDelegate.swift in Sources */ = {isa = PBXBuildFile; fileRef = 641602E024F88CED007D0F1A /* SceneDelegate.swift */; };
		641602E324F88CED007D0F1A /* ContentView.swift in Sources */ = {isa = PBXBuildFile; fileRef = 641602E224F88CED007D0F1A /* ContentView.swift */; };
		641602E524F88CEF007D0F1A /* Assets.xcassets in Resources */ = {isa = PBXBuildFile; fileRef = 641602E424F88CEF007D0F1A /* Assets.xcassets */; };
		641602E824F88CEF007D0F1A /* Preview Assets.xcassets in Resources */ = {isa = PBXBuildFile; fileRef = 641602E724F88CEF007D0F1A /* Preview Assets.xcassets */; };
		641602EB24F88CEF007D0F1A /* LaunchScreen.storyboard in Resources */ = {isa = PBXBuildFile; fileRef = 641602E924F88CEF007D0F1A /* LaunchScreen.storyboard */; };
		641602F424F88D3A007D0F1A /* BackgroundShape.swift in Sources */ = {isa = PBXBuildFile; fileRef = 641602F324F88D3A007D0F1A /* BackgroundShape.swift */; };
		641602F624F90C39007D0F1A /* TopView.swift in Sources */ = {isa = PBXBuildFile; fileRef = 641602F524F90C39007D0F1A /* TopView.swift */; };
		641602F824F91285007D0F1A /* MenuView.swift in Sources */ = {isa = PBXBuildFile; fileRef = 641602F724F91285007D0F1A /* MenuView.swift */; };
		641602FA24F94674007D0F1A /* AccountInfoView.swift in Sources */ = {isa = PBXBuildFile; fileRef = 641602F924F94674007D0F1A /* AccountInfoView.swift */; };
		641602FC24F9DBAB007D0F1A /* CardView.swift in Sources */ = {isa = PBXBuildFile; fileRef = 641602FB24F9DBAB007D0F1A /* CardView.swift */; };
		641602FE24F9E5CD007D0F1A /* HomeContentView.swift in Sources */ = {isa = PBXBuildFile; fileRef = 641602FD24F9E5CD007D0F1A /* HomeContentView.swift */; };
		6416030024F9ECFD007D0F1A /* README.md in Resources */ = {isa = PBXBuildFile; fileRef = 641602FF24F9ECFD007D0F1A /* README.md */; };
/* End PBXBuildFile section */

/* Begin PBXFileReference section */
		641602DB24F88CED007D0F1A /* BancoDoBrasilAppRedesign.app */ = {isa = PBXFileReference; explicitFileType = wrapper.application; includeInIndex = 0; path = BancoDoBrasilAppRedesign.app; sourceTree = BUILT_PRODUCTS_DIR; };
		641602DE24F88CED007D0F1A /* AppDelegate.swift */ = {isa = PBXFileReference; lastKnownFileType = sourcecode.swift; path = AppDelegate.swift; sourceTree = "<group>"; };
		641602E024F88CED007D0F1A /* SceneDelegate.swift */ = {isa = PBXFileReference; lastKnownFileType = sourcecode.swift; path = SceneDelegate.swift; sourceTree = "<group>"; };
		641602E224F88CED007D0F1A /* ContentView.swift */ = {isa = PBXFileReference; lastKnownFileType = sourcecode.swift; path = ContentView.swift; sourceTree = "<group>"; };
		641602E424F88CEF007D0F1A /* Assets.xcassets */ = {isa = PBXFileReference; lastKnownFileType = folder.assetcatalog; path = Assets.xcassets; sourceTree = "<group>"; };
		641602E724F88CEF007D0F1A /* Preview Assets.xcassets */ = {isa = PBXFileReference; lastKnownFileType = folder.assetcatalog; path = "Preview Assets.xcassets"; sourceTree = "<group>"; };
		641602EA24F88CEF007D0F1A /* Base */ = {isa = PBXFileReference; lastKnownFileType = file.storyboard; name = Base; path = Base.lproj/LaunchScreen.storyboard; sourceTree = "<group>"; };
		641602EC24F88CEF007D0F1A /* Info.plist */ = {isa = PBXFileReference; lastKnownFileType = text.plist.xml; path = Info.plist; sourceTree = "<group>"; };
		641602F324F88D3A007D0F1A /* BackgroundShape.swift */ = {isa = PBXFileReference; lastKnownFileType = sourcecode.swift; path = BackgroundShape.swift; sourceTree = "<group>"; };
		641602F524F90C39007D0F1A /* TopView.swift */ = {isa = PBXFileReference; lastKnownFileType = sourcecode.swift; path = TopView.swift; sourceTree = "<group>"; };
		641602F724F91285007D0F1A /* MenuView.swift */ = {isa = PBXFileReference; lastKnownFileType = sourcecode.swift; path = MenuView.swift; sourceTree = "<group>"; };
		641602F924F94674007D0F1A /* AccountInfoView.swift */ = {isa = PBXFileReference; lastKnownFileType = sourcecode.swift; path = AccountInfoView.swift; sourceTree = "<group>"; };
		641602FB24F9DBAB007D0F1A /* CardView.swift */ = {isa = PBXFileReference; lastKnownFileType = sourcecode.swift; path = CardView.swift; sourceTree = "<group>"; };
		641602FD24F9E5CD007D0F1A /* HomeContentView.swift */ = {isa = PBXFileReference; lastKnownFileType = sourcecode.swift; path = HomeContentView.swift; sourceTree = "<group>"; };
		641602FF24F9ECFD007D0F1A /* README.md */ = {isa = PBXFileReference; lastKnownFileType = net.daringfireball.markdown; path = README.md; sourceTree = "<group>"; };
/* End PBXFileReference section */

/* Begin PBXFrameworksBuildPhase section */
		641602D824F88CED007D0F1A /* Frameworks */ = {
			isa = PBXFrameworksBuildPhase;
			buildActionMask = 2147483647;
			files = (
			);
			runOnlyForDeploymentPostprocessing = 0;
		};
/* End PBXFrameworksBuildPhase section */

/* Begin PBXGroup section */
		641602D224F88CED007D0F1A = {
			isa = PBXGroup;
			children = (
				641602FF24F9ECFD007D0F1A /* README.md */,
				641602DD24F88CED007D0F1A /* BancoDoBrasilAppRedesign */,
				641602DC24F88CED007D0F1A /* Products */,
			);
			sourceTree = "<group>";
		};
		641602DC24F88CED007D0F1A /* Products */ = {
			isa = PBXGroup;
			children = (
				641602DB24F88CED007D0F1A /* BancoDoBrasilAppRedesign.app */,
			);
			name = Products;
			sourceTree = "<group>";
		};
		641602DD24F88CED007D0F1A /* BancoDoBrasilAppRedesign */ = {
			isa = PBXGroup;
			children = (
				641602DE24F88CED007D0F1A /* AppDelegate.swift */,
				641602E024F88CED007D0F1A /* SceneDelegate.swift */,
				641602E224F88CED007D0F1A /* ContentView.swift */,
				641602F224F88D27007D0F1A /* Views */,
				641602E424F88CEF007D0F1A /* Assets.xcassets */,
				641602E924F88CEF007D0F1A /* LaunchScreen.storyboard */,
				641602EC24F88CEF007D0F1A /* Info.plist */,
				641602E624F88CEF007D0F1A /* Preview Content */,
			);
			path = BancoDoBrasilAppRedesign;
			sourceTree = "<group>";
		};
		641602E624F88CEF007D0F1A /* Preview Content */ = {
			isa = PBXGroup;
			children = (
				641602E724F88CEF007D0F1A /* Preview Assets.xcassets */,
			);
			path = "Preview Content";
			sourceTree = "<group>";
		};
		641602F224F88D27007D0F1A /* Views */ = {
			isa = PBXGroup;
			children = (
				641602FB24F9DBAB007D0F1A /* CardView.swift */,
				641602F924F94674007D0F1A /* AccountInfoView.swift */,
				641602F324F88D3A007D0F1A /* BackgroundShape.swift */,
				641602F524F90C39007D0F1A /* TopView.swift */,
				641602F724F91285007D0F1A /* MenuView.swift */,
				641602FD24F9E5CD007D0F1A /* HomeContentView.swift */,
			);
			path = Views;
			sourceTree = "<group>";
		};
/* End PBXGroup section */

/* Begin PBXNativeTarget section */
		641602DA24F88CED007D0F1A /* BancoDoBrasilAppRedesign */ = {
			isa = PBXNativeTarget;
			buildConfigurationList = 641602EF24F88CEF007D0F1A /* Build configuration list for PBXNativeTarget "BancoDoBrasilAppRedesign" */;
			buildPhases = (
				641602D724F88CED007D0F1A /* Sources */,
				641602D824F88CED007D0F1A /* Frameworks */,
				641602D924F88CED007D0F1A /* Resources */,
			);
			buildRules = (
			);
			dependencies = (
			);
			name = BancoDoBrasilAppRedesign;
			productName = BancoDoBrasilAppRedesign;
			productReference = 641602DB24F88CED007D0F1A /* BancoDoBrasilAppRedesign.app */;
			productType = "com.apple.product-type.application";
		};
/* End PBXNativeTarget section */

/* Begin PBXProject section */
		641602D324F88CED007D0F1A /* Project object */ = {
			isa = PBXProject;
			attributes = {
				LastSwiftUpdateCheck = 1160;
				LastUpgradeCheck = 1160;
				ORGANIZATIONNAME = "Raphael Cerqueira";
				TargetAttributes = {
					641602DA24F88CED007D0F1A = {
						CreatedOnToolsVersion = 11.6;
					};
				};
			};
			buildConfigurationList = 641602D624F88CED007D0F1A /* Build configuration list for PBXProject "BancoDoBrasilAppRedesign" */;
			compatibilityVersion = "Xcode 9.3";
			developmentRegion = en;
			hasScannedForEncodings = 0;
			knownRegions = (
				en,
				Base,
			);
			mainGroup = 641602D224F88CED007D0F1A;
			productRefGroup = 641602DC24F88CED007D0F1A /* Products */;
			projectDirPath = "";
			projectRoot = "";
			targets = (
				641602DA24F88CED007D0F1A /* BancoDoBrasilAppRedesign */,
			);
		};
/* End PBXProject section */

/* Begin PBXResourcesBuildPhase section */
		641602D924F88CED007D0F1A /* Resources */ = {
			isa = PBXResourcesBuildPhase;
			buildActionMask = 2147483647;
			files = (
				641602EB24F88CEF007D0F1A /* LaunchScreen.storyboard in Resources */,
				641602E824F88CEF007D0F1A /* Preview Assets.xcassets in Resources */,
				6416030024F9ECFD007D0F1A /* README.md in Resources */,
				641602E524F88CEF007D0F1A /* Assets.xcassets in Resources */,
			);
			runOnlyForDeploymentPostprocessing = 0;
		};
/* End PBXResourcesBuildPhase section */

/* Begin PBXSourcesBuildPhase section */
		641602D724F88CED007D0F1A /* Sources */ = {
			isa = PBXSourcesBuildPhase;
			buildActionMask = 2147483647;
			files = (
				641602FE24F9E5CD007D0F1A /* HomeContentView.swift in Sources */,
				641602DF24F88CED007D0F1A /* AppDelegate.swift in Sources */,
				641602F824F91285007D0F1A /* MenuView.swift in Sources */,
				641602F624F90C39007D0F1A /* TopView.swift in Sources */,
				641602F424F88D3A007D0F1A /* BackgroundShape.swift in Sources */,
				641602E124F88CED007D0F1A /* SceneDelegate.swift in Sources */,
				641602E324F88CED007D0F1A /* ContentView.swift in Sources */,
				641602FC24F9DBAB007D0F1A /* CardView.swift in Sources */,
				641602FA24F94674007D0F1A /* AccountInfoView.swift in Sources */,
			);
			runOnlyForDeploymentPostprocessing = 0;
		};
/* End PBXSourcesBuildPhase section */

/* Begin PBXVariantGroup section */
		641602E924F88CEF007D0F1A /* LaunchScreen.storyboard */ = {
			isa = PBXVariantGroup;
			children = (
				641602EA24F88CEF007D0F1A /* Base */,
			);
			name = LaunchScreen.storyboard;
			sourceTree = "<group>";
		};
/* End PBXVariantGroup section */

/* Begin XCBuildConfiguration section */
		641602ED24F88CEF007D0F1A /* Debug */ = {
			isa = XCBuildConfiguration;
			buildSettings = {
				ALWAYS_SEARCH_USER_PATHS = NO;
				CLANG_ANALYZER_NONNULL = YES;
				CLANG_ANALYZER_NUMBER_OBJECT_CONVERSION = YES_AGGRESSIVE;
				CLANG_CXX_LANGUAGE_STANDARD = "gnu++14";
				CLANG_CXX_LIBRARY = "libc++";
				CLANG_ENABLE_MODULES = YES;
				CLANG_ENABLE_OBJC_ARC = YES;
				CLANG_ENABLE_OBJC_WEAK = YES;
				CLANG_WARN_BLOCK_CAPTURE_AUTORELEASING = YES;
				CLANG_WARN_BOOL_CONVERSION = YES;
				CLANG_WARN_COMMA = YES;
				CLANG_WARN_CONSTANT_CONVERSION = YES;
				CLANG_WARN_DEPRECATED_OBJC_IMPLEMENTATIONS = YES;
				CLANG_WARN_DIRECT_OBJC_ISA_USAGE = YES_ERROR;
				CLANG_WARN_DOCUMENTATION_COMMENTS = YES;
				CLANG_WARN_EMPTY_BODY = YES;
				CLANG_WARN_ENUM_CONVERSION = YES;
				CLANG_WARN_INFINITE_RECURSION = YES;
				CLANG_WARN_INT_CONVERSION = YES;
				CLANG_WARN_NON_LITERAL_NULL_CONVERSION = YES;
				CLANG_WARN_OBJC_IMPLICIT_RETAIN_SELF = YES;
				CLANG_WARN_OBJC_LITERAL_CONVERSION = YES;
				CLANG_WARN_OBJC_ROOT_CLASS = YES_ERROR;
				CLANG_WARN_RANGE_LOOP_ANALYSIS = YES;
				CLANG_WARN_STRICT_PROTOTYPES = YES;
				CLANG_WARN_SUSPICIOUS_MOVE = YES;
				CLANG_WARN_UNGUARDED_AVAILABILITY = YES_AGGRESSIVE;
				CLANG_WARN_UNREACHABLE_CODE = YES;
				CLANG_WARN__DUPLICATE_METHOD_MATCH = YES;
				COPY_PHASE_STRIP = NO;
				DEBUG_INFORMATION_FORMAT = dwarf;
				ENABLE_STRICT_OBJC_MSGSEND = YES;
				ENABLE_TESTABILITY = YES;
				GCC_C_LANGUAGE_STANDARD = gnu11;
				GCC_DYNAMIC_NO_PIC = NO;
				GCC_NO_COMMON_BLOCKS = YES;
				GCC_OPTIMIZATION_LEVEL = 0;
				GCC_PREPROCESSOR_DEFINITIONS = (
					"DEBUG=1",
					"$(inherited)",
				);
				GCC_WARN_64_TO_32_BIT_CONVERSION = YES;
				GCC_WARN_ABOUT_RETURN_TYPE = YES_ERROR;
				GCC_WARN_UNDECLARED_SELECTOR = YES;
				GCC_WARN_UNINITIALIZED_AUTOS = YES_AGGRESSIVE;
				GCC_WARN_UNUSED_FUNCTION = YES;
				GCC_WARN_UNUSED_VARIABLE = YES;
				IPHONEOS_DEPLOYMENT_TARGET = 13.6;
				MTL_ENABLE_DEBUG_INFO = INCLUDE_SOURCE;
				MTL_FAST_MATH = YES;
				ONLY_ACTIVE_ARCH = YES;
				SDKROOT = iphoneos;
				SWIFT_ACTIVE_COMPILATION_CONDITIONS = DEBUG;
				SWIFT_OPTIMIZATION_LEVEL = "-Onone";
			};
			name = Debug;
		};
		641602EE24F88CEF007D0F1A /* Release */ = {
			isa = XCBuildConfiguration;
			buildSettings = {
				ALWAYS_SEARCH_USER_PATHS = NO;
				CLANG_ANALYZER_NONNULL = YES;
				CLANG_ANALYZER_NUMBER_OBJECT_CONVERSION = YES_AGGRESSIVE;
				CLANG_CXX_LANGUAGE_STANDARD = "gnu++14";
				CLANG_CXX_LIBRARY = "libc++";
				CLANG_ENABLE_MODULES = YES;
				CLANG_ENABLE_OBJC_ARC = YES;
				CLANG_ENABLE_OBJC_WEAK = YES;
				CLANG_WARN_BLOCK_CAPTURE_AUTORELEASING = YES;
				CLANG_WARN_BOOL_CONVERSION = YES;
				CLANG_WARN_COMMA = YES;
				CLANG_WARN_CONSTANT_CONVERSION = YES;
				CLANG_WARN_DEPRECATED_OBJC_IMPLEMENTATIONS = YES;
				CLANG_WARN_DIRECT_OBJC_ISA_USAGE = YES_ERROR;
				CLANG_WARN_DOCUMENTATION_COMMENTS = YES;
				CLANG_WARN_EMPTY_BODY = YES;
				CLANG_WARN_ENUM_CONVERSION = YES;
				CLANG_WARN_INFINITE_RECURSION = YES;
				CLANG_WARN_INT_CONVERSION = YES;
				CLANG_WARN_NON_LITERAL_NULL_CONVERSION = YES;
				CLANG_WARN_OBJC_IMPLICIT_RETAIN_SELF = YES;
				CLANG_WARN_OBJC_LITERAL_CONVERSION = YES;
				CLANG_WARN_OBJC_ROOT_CLASS = YES_ERROR;
				CLANG_WARN_RANGE_LOOP_ANALYSIS = YES;
				CLANG_WARN_STRICT_PROTOTYPES = YES;
				CLANG_WARN_SUSPICIOUS_MOVE = YES;
				CLANG_WARN_UNGUARDED_AVAILABILITY = YES_AGGRESSIVE;
				CLANG_WARN_UNREACHABLE_CODE = YES;
				CLANG_WARN__DUPLICATE_METHOD_MATCH = YES;
				COPY_PHASE_STRIP = NO;
				DEBUG_INFORMATION_FORMAT = "dwarf-with-dsym";
				ENABLE_NS_ASSERTIONS = NO;
				ENABLE_STRICT_OBJC_MSGSEND = YES;
				GCC_C_LANGUAGE_STANDARD = gnu11;
				GCC_NO_COMMON_BLOCKS = YES;
				GCC_WARN_64_TO_32_BIT_CONVERSION = YES;
				GCC_WARN_ABOUT_RETURN_TYPE = YES_ERROR;
				GCC_WARN_UNDECLARED_SELECTOR = YES;
				GCC_WARN_UNINITIALIZED_AUTOS = YES_AGGRESSIVE;
				GCC_WARN_UNUSED_FUNCTION = YES;
				GCC_WARN_UNUSED_VARIABLE = YES;
				IPHONEOS_DEPLOYMENT_TARGET = 13.6;
				MTL_ENABLE_DEBUG_INFO = NO;
				MTL_FAST_MATH = YES;
				SDKROOT = iphoneos;
				SWIFT_COMPILATION_MODE = wholemodule;
				SWIFT_OPTIMIZATION_LEVEL = "-O";
				VALIDATE_PRODUCT = YES;
			};
			name = Release;
		};
		641602F024F88CEF007D0F1A /* Debug */ = {
			isa = XCBuildConfiguration;
			buildSettings = {
				ASSETCATALOG_COMPILER_APPICON_NAME = AppIcon;
				CODE_SIGN_STYLE = Automatic;
				DEVELOPMENT_ASSET_PATHS = "\"BancoDoBrasilAppRedesign/Preview Content\"";
				ENABLE_PREVIEWS = YES;
				INFOPLIST_FILE = BancoDoBrasilAppRedesign/Info.plist;
				LD_RUNPATH_SEARCH_PATHS = (
					"$(inherited)",
					"@executable_path/Frameworks",
				);
				PRODUCT_BUNDLE_IDENTIFIER = io.github.rphlfc.BancoDoBrasilAppRedesign;
				PRODUCT_NAME = "$(TARGET_NAME)";
				SWIFT_VERSION = 5.0;
				TARGETED_DEVICE_FAMILY = "1,2";
			};
			name = Debug;
		};
		641602F124F88CEF007D0F1A /* Release */ = {
			isa = XCBuildConfiguration;
			buildSettings = {
				ASSETCATALOG_COMPILER_APPICON_NAME = AppIcon;
				CODE_SIGN_STYLE = Automatic;
				DEVELOPMENT_ASSET_PATHS = "\"BancoDoBrasilAppRedesign/Preview Content\"";
				ENABLE_PREVIEWS = YES;
				INFOPLIST_FILE = BancoDoBrasilAppRedesign/Info.plist;
				LD_RUNPATH_SEARCH_PATHS = (
					"$(inherited)",
					"@executable_path/Frameworks",
				);
				PRODUCT_BUNDLE_IDENTIFIER = io.github.rphlfc.BancoDoBrasilAppRedesign;
				PRODUCT_NAME = "$(TARGET_NAME)";
				SWIFT_VERSION = 5.0;
				TARGETED_DEVICE_FAMILY = "1,2";
			};
			name = Release;
		};
/* End XCBuildConfiguration section */

/* Begin XCConfigurationList section */
		641602D624F88CED007D0F1A /* Build configuration list for PBXProject "BancoDoBrasilAppRedesign" */ = {
			isa = XCConfigurationList;
			buildConfigurations = (
				641602ED24F88CEF007D0F1A /* Debug */,
				641602EE24F88CEF007D0F1A /* Release */,
			);
			defaultConfigurationIsVisible = 0;
			defaultConfigurationName = Release;
		};
		641602EF24F88CEF007D0F1A /* Build configuration list for PBXNativeTarget "BancoDoBrasilAppRedesign" */ = {
			isa = XCConfigurationList;
			buildConfigurations = (
				641602F024F88CEF007D0F1A /* Debug */,
				641602F124F88CEF007D0F1A /* Release */,
			);
			defaultConfigurationIsVisible = 0;
			defaultConfigurationName = Release;
		};
/* End XCConfigurationList section */
	};
	rootObject = 641602D324F88CED007D0F1A /* Project object */;
}
